// !$*UTF8*$!
{
	archiveVersion = 1;
	classes = {
	};
	objectVersion = 56;
	objects = {

/* Begin PBXBuildFile section */
		2063FB0A295C6F6A00C7BFC9 /* Countdown.swift in Sources */ = {isa = PBXBuildFile; fileRef = 2063FB09295C6F6A00C7BFC9 /* Countdown.swift */; };
		2063FB0D295C6FAE00C7BFC9 /* Clock.swift in Sources */ = {isa = PBXBuildFile; fileRef = 2063FB0C295C6FAE00C7BFC9 /* Clock.swift */; };
		2063FB10295C76CA00C7BFC9 /* Render.swift in Sources */ = {isa = PBXBuildFile; fileRef = 2063FB0F295C76CA00C7BFC9 /* Render.swift */; };
		2063FB13295C7AF600C7BFC9 /* When.swift in Sources */ = {isa = PBXBuildFile; fileRef = 2063FB12295C7AF600C7BFC9 /* When.swift */; };
		2063FB15295C895A00C7BFC9 /* UIImage+CoreMedia.swift in Sources */ = {isa = PBXBuildFile; fileRef = 2063FB14295C895A00C7BFC9 /* UIImage+CoreMedia.swift */; };
		2063FB1A295D875E00C7BFC9 /* Layer.swift in Sources */ = {isa = PBXBuildFile; fileRef = 2063FB19295D875E00C7BFC9 /* Layer.swift */; };
		20C83A6D295878E800DDB450 /* SocialDetoxApp.swift in Sources */ = {isa = PBXBuildFile; fileRef = 20C83A6C295878E800DDB450 /* SocialDetoxApp.swift */; };
		20C83A6F295878E800DDB450 /* ContentView.swift in Sources */ = {isa = PBXBuildFile; fileRef = 20C83A6E295878E800DDB450 /* ContentView.swift */; };
		20C83A71295878E900DDB450 /* Assets.xcassets in Resources */ = {isa = PBXBuildFile; fileRef = 20C83A70295878E900DDB450 /* Assets.xcassets */; };
		20C83A74295878E900DDB450 /* Preview Assets.xcassets in Resources */ = {isa = PBXBuildFile; fileRef = 20C83A73295878E900DDB450 /* Preview Assets.xcassets */; };
		20C83A7C295879C500DDB450 /* FirebaseAnalytics in Frameworks */ = {isa = PBXBuildFile; productRef = 20C83A7B295879C500DDB450 /* FirebaseAnalytics */; };
		20C83A7E295879C500DDB450 /* FirebaseAnalyticsSwift in Frameworks */ = {isa = PBXBuildFile; productRef = 20C83A7D295879C500DDB450 /* FirebaseAnalyticsSwift */; };
		20C83A80295879C500DDB450 /* FirebaseAuth in Frameworks */ = {isa = PBXBuildFile; productRef = 20C83A7F295879C500DDB450 /* FirebaseAuth */; };
		20C83A82295879C500DDB450 /* FirebaseAuthCombine-Community in Frameworks */ = {isa = PBXBuildFile; productRef = 20C83A81295879C500DDB450 /* FirebaseAuthCombine-Community */; };
		20C83A84295879C500DDB450 /* FirebaseCrashlytics in Frameworks */ = {isa = PBXBuildFile; productRef = 20C83A83295879C500DDB450 /* FirebaseCrashlytics */; };
		20C83A86295879C500DDB450 /* FirebaseFirestore in Frameworks */ = {isa = PBXBuildFile; productRef = 20C83A85295879C500DDB450 /* FirebaseFirestore */; };
		20C83A88295879C500DDB450 /* FirebaseFirestoreCombine-Community in Frameworks */ = {isa = PBXBuildFile; productRef = 20C83A87295879C500DDB450 /* FirebaseFirestoreCombine-Community */; };
		20C83A8A295879C500DDB450 /* FirebaseFirestoreSwift in Frameworks */ = {isa = PBXBuildFile; productRef = 20C83A89295879C500DDB450 /* FirebaseFirestoreSwift */; };
/* End PBXBuildFile section */

/* Begin PBXFileReference section */
		2063FB09295C6F6A00C7BFC9 /* Countdown.swift */ = {isa = PBXFileReference; lastKnownFileType = sourcecode.swift; path = Countdown.swift; sourceTree = "<group>"; };
		2063FB0C295C6FAE00C7BFC9 /* Clock.swift */ = {isa = PBXFileReference; lastKnownFileType = sourcecode.swift; path = Clock.swift; sourceTree = "<group>"; };
		2063FB0F295C76CA00C7BFC9 /* Render.swift */ = {isa = PBXFileReference; lastKnownFileType = sourcecode.swift; path = Render.swift; sourceTree = "<group>"; };
		2063FB12295C7AF600C7BFC9 /* When.swift */ = {isa = PBXFileReference; lastKnownFileType = sourcecode.swift; path = When.swift; sourceTree = "<group>"; };
		2063FB14295C895A00C7BFC9 /* UIImage+CoreMedia.swift */ = {isa = PBXFileReference; lastKnownFileType = sourcecode.swift; path = "UIImage+CoreMedia.swift"; sourceTree = "<group>"; };
		2063FB19295D875E00C7BFC9 /* Layer.swift */ = {isa = PBXFileReference; lastKnownFileType = sourcecode.swift; path = Layer.swift; sourceTree = "<group>"; };
		20C83A69295878E800DDB450 /* SocialDetox.app */ = {isa = PBXFileReference; explicitFileType = wrapper.application; includeInIndex = 0; path = SocialDetox.app; sourceTree = BUILT_PRODUCTS_DIR; };
		20C83A6C295878E800DDB450 /* SocialDetoxApp.swift */ = {isa = PBXFileReference; lastKnownFileType = sourcecode.swift; path = SocialDetoxApp.swift; sourceTree = "<group>"; };
		20C83A6E295878E800DDB450 /* ContentView.swift */ = {isa = PBXFileReference; lastKnownFileType = sourcecode.swift; path = ContentView.swift; sourceTree = "<group>"; };
		20C83A70295878E900DDB450 /* Assets.xcassets */ = {isa = PBXFileReference; lastKnownFileType = folder.assetcatalog; path = Assets.xcassets; sourceTree = "<group>"; };
		20C83A73295878E900DDB450 /* Preview Assets.xcassets */ = {isa = PBXFileReference; lastKnownFileType = folder.assetcatalog; path = "Preview Assets.xcassets"; sourceTree = "<group>"; };
/* End PBXFileReference section */

/* Begin PBXFrameworksBuildPhase section */
		20C83A66295878E800DDB450 /* Frameworks */ = {
			isa = PBXFrameworksBuildPhase;
			buildActionMask = 2147483647;
			files = (
				20C83A7E295879C500DDB450 /* FirebaseAnalyticsSwift in Frameworks */,
				20C83A80295879C500DDB450 /* FirebaseAuth in Frameworks */,
				20C83A84295879C500DDB450 /* FirebaseCrashlytics in Frameworks */,
				20C83A7C295879C500DDB450 /* FirebaseAnalytics in Frameworks */,
				20C83A82295879C500DDB450 /* FirebaseAuthCombine-Community in Frameworks */,
				20C83A86295879C500DDB450 /* FirebaseFirestore in Frameworks */,
				20C83A88295879C500DDB450 /* FirebaseFirestoreCombine-Community in Frameworks */,
				20C83A8A295879C500DDB450 /* FirebaseFirestoreSwift in Frameworks */,
			);
			runOnlyForDeploymentPostprocessing = 0;
		};
/* End PBXFrameworksBuildPhase section */

/* Begin PBXGroup section */
		2063FB07295C6F4000C7BFC9 /* Features */ = {
			isa = PBXGroup;
			children = (
				2063FB18295D875800C7BFC9 /* PictureInPicture */,
				2063FB0E295C76B600C7BFC9 /* Render */,
				2063FB08295C6F5D00C7BFC9 /* Timer */,
			);
			path = Features;
			sourceTree = "<group>";
		};
		2063FB08295C6F5D00C7BFC9 /* Timer */ = {
			isa = PBXGroup;
			children = (
				2063FB0C295C6FAE00C7BFC9 /* Clock.swift */,
				2063FB09295C6F6A00C7BFC9 /* Countdown.swift */,
			);
			path = Timer;
			sourceTree = "<group>";
		};
		2063FB0E295C76B600C7BFC9 /* Render */ = {
			isa = PBXGroup;
			children = (
				2063FB0F295C76CA00C7BFC9 /* Render.swift */,
			);
			path = Render;
			sourceTree = "<group>";
		};
		2063FB11295C7AE600C7BFC9 /* Utils */ = {
			isa = PBXGroup;
			children = (
				2063FB17295C89A500C7BFC9 /* Extension */,
				2063FB16295C899500C7BFC9 /* Modifier */,
			);
			path = Utils;
			sourceTree = "<group>";
		};
		2063FB16295C899500C7BFC9 /* Modifier */ = {
			isa = PBXGroup;
			children = (
				2063FB12295C7AF600C7BFC9 /* When.swift */,
			);
			path = Modifier;
			sourceTree = "<group>";
		};
		2063FB17295C89A500C7BFC9 /* Extension */ = {
			isa = PBXGroup;
			children = (
				2063FB14295C895A00C7BFC9 /* UIImage+CoreMedia.swift */,
			);
			path = Extension;
			sourceTree = "<group>";
		};
		2063FB18295D875800C7BFC9 /* PictureInPicture */ = {
			isa = PBXGroup;
			children = (
				2063FB19295D875E00C7BFC9 /* Layer.swift */,
			);
			path = PictureInPicture;
			sourceTree = "<group>";
		};
		20C83A60295878E800DDB450 = {
			isa = PBXGroup;
			children = (
				20C83A6B295878E800DDB450 /* SocialDetox */,
				20C83A6A295878E800DDB450 /* Products */,
			);
			indentWidth = 2;
			sourceTree = "<group>";
			tabWidth = 2;
		};
		20C83A6A295878E800DDB450 /* Products */ = {
			isa = PBXGroup;
			children = (
				20C83A69295878E800DDB450 /* SocialDetox.app */,
			);
			name = Products;
			sourceTree = "<group>";
		};
		20C83A6B295878E800DDB450 /* SocialDetox */ = {
			isa = PBXGroup;
			children = (
				2063FB11295C7AE600C7BFC9 /* Utils */,
				2063FB07295C6F4000C7BFC9 /* Features */,
				20C83A6C295878E800DDB450 /* SocialDetoxApp.swift */,
				20C83A6E295878E800DDB450 /* ContentView.swift */,
				20C83A70295878E900DDB450 /* Assets.xcassets */,
				20C83A72295878E900DDB450 /* Preview Content */,
			);
			path = SocialDetox;
			sourceTree = "<group>";
		};
		20C83A72295878E900DDB450 /* Preview Content */ = {
			isa = PBXGroup;
			children = (
				20C83A73295878E900DDB450 /* Preview Assets.xcassets */,
			);
			path = "Preview Content";
			sourceTree = "<group>";
		};
/* End PBXGroup section */

/* Begin PBXNativeTarget section */
		20C83A68295878E800DDB450 /* SocialDetox */ = {
			isa = PBXNativeTarget;
			buildConfigurationList = 20C83A77295878E900DDB450 /* Build configuration list for PBXNativeTarget "SocialDetox" */;
			buildPhases = (
				20C83A65295878E800DDB450 /* Sources */,
				20C83A66295878E800DDB450 /* Frameworks */,
				20C83A67295878E800DDB450 /* Resources */,
			);
			buildRules = (
			);
			dependencies = (
			);
			name = SocialDetox;
			packageProductDependencies = (
				20C83A7B295879C500DDB450 /* FirebaseAnalytics */,
				20C83A7D295879C500DDB450 /* FirebaseAnalyticsSwift */,
				20C83A7F295879C500DDB450 /* FirebaseAuth */,
				20C83A81295879C500DDB450 /* FirebaseAuthCombine-Community */,
				20C83A83295879C500DDB450 /* FirebaseCrashlytics */,
				20C83A85295879C500DDB450 /* FirebaseFirestore */,
				20C83A87295879C500DDB450 /* FirebaseFirestoreCombine-Community */,
				20C83A89295879C500DDB450 /* FirebaseFirestoreSwift */,
			);
			productName = SocialDetox;
			productReference = 20C83A69295878E800DDB450 /* SocialDetox.app */;
			productType = "com.apple.product-type.application";
		};
/* End PBXNativeTarget section */

/* Begin PBXProject section */
		20C83A61295878E800DDB450 /* Project object */ = {
			isa = PBXProject;
			attributes = {
				BuildIndependentTargetsInParallel = 1;
				LastSwiftUpdateCheck = 1410;
				LastUpgradeCheck = 1410;
				TargetAttributes = {
					20C83A68295878E800DDB450 = {
						CreatedOnToolsVersion = 14.1;
					};
				};
			};
			buildConfigurationList = 20C83A64295878E800DDB450 /* Build configuration list for PBXProject "SocialDetox" */;
			compatibilityVersion = "Xcode 14.0";
			developmentRegion = en;
			hasScannedForEncodings = 0;
			knownRegions = (
				en,
				Base,
			);
			mainGroup = 20C83A60295878E800DDB450;
			packageReferences = (
				20C83A7A295879C500DDB450 /* XCRemoteSwiftPackageReference "firebase-ios-sdk" */,
			);
			productRefGroup = 20C83A6A295878E800DDB450 /* Products */;
			projectDirPath = "";
			projectRoot = "";
			targets = (
				20C83A68295878E800DDB450 /* SocialDetox */,
			);
		};
/* End PBXProject section */

/* Begin PBXResourcesBuildPhase section */
		20C83A67295878E800DDB450 /* Resources */ = {
			isa = PBXResourcesBuildPhase;
			buildActionMask = 2147483647;
			files = (
				20C83A74295878E900DDB450 /* Preview Assets.xcassets in Resources */,
				20C83A71295878E900DDB450 /* Assets.xcassets in Resources */,
			);
			runOnlyForDeploymentPostprocessing = 0;
		};
/* End PBXResourcesBuildPhase section */

/* Begin PBXSourcesBuildPhase section */
		20C83A65295878E800DDB450 /* Sources */ = {
			isa = PBXSourcesBuildPhase;
			buildActionMask = 2147483647;
			files = (
				2063FB10295C76CA00C7BFC9 /* Render.swift in Sources */,
				2063FB15295C895A00C7BFC9 /* UIImage+CoreMedia.swift in Sources */,
				20C83A6F295878E800DDB450 /* ContentView.swift in Sources */,
				2063FB0A295C6F6A00C7BFC9 /* Countdown.swift in Sources */,
				2063FB13295C7AF600C7BFC9 /* When.swift in Sources */,
				2063FB1A295D875E00C7BFC9 /* Layer.swift in Sources */,
				20C83A6D295878E800DDB450 /* SocialDetoxApp.swift in Sources */,
				2063FB0D295C6FAE00C7BFC9 /* Clock.swift in Sources */,
			);
			runOnlyForDeploymentPostprocessing = 0;
		};
/* End PBXSourcesBuildPhase section */

/* Begin XCBuildConfiguration section */
		20C83A75295878E900DDB450 /* Debug */ = {
			isa = XCBuildConfiguration;
			buildSettings = {
				ALWAYS_SEARCH_USER_PATHS = NO;
				CLANG_ANALYZER_NONNULL = YES;
				CLANG_ANALYZER_NUMBER_OBJECT_CONVERSION = YES_AGGRESSIVE;
				CLANG_CXX_LANGUAGE_STANDARD = "gnu++20";
				CLANG_ENABLE_MODULES = YES;
				CLANG_ENABLE_OBJC_ARC = YES;
				CLANG_ENABLE_OBJC_WEAK = YES;
				CLANG_WARN_BLOCK_CAPTURE_AUTORELEASING = YES;
				CLANG_WARN_BOOL_CONVERSION = YES;
				CLANG_WARN_COMMA = YES;
				CLANG_WARN_CONSTANT_CONVERSION = YES;
				CLANG_WARN_DEPRECATED_OBJC_IMPLEMENTATIONS = YES;
				CLANG_WARN_DIRECT_OBJC_ISA_USAGE = YES_ERROR;
				CLANG_WARN_DOCUMENTATION_COMMENTS = YES;
				CLANG_WARN_EMPTY_BODY = YES;
				CLANG_WARN_ENUM_CONVERSION = YES;
				CLANG_WARN_INFINITE_RECURSION = YES;
				CLANG_WARN_INT_CONVERSION = YES;
				CLANG_WARN_NON_LITERAL_NULL_CONVERSION = YES;
				CLANG_WARN_OBJC_IMPLICIT_RETAIN_SELF = YES;
				CLANG_WARN_OBJC_LITERAL_CONVERSION = YES;
				CLANG_WARN_OBJC_ROOT_CLASS = YES_ERROR;
				CLANG_WARN_QUOTED_INCLUDE_IN_FRAMEWORK_HEADER = YES;
				CLANG_WARN_RANGE_LOOP_ANALYSIS = YES;
				CLANG_WARN_STRICT_PROTOTYPES = YES;
				CLANG_WARN_SUSPICIOUS_MOVE = YES;
				CLANG_WARN_UNGUARDED_AVAILABILITY = YES_AGGRESSIVE;
				CLANG_WARN_UNREACHABLE_CODE = YES;
				CLANG_WARN__DUPLICATE_METHOD_MATCH = YES;
				COPY_PHASE_STRIP = NO;
				DEBUG_INFORMATION_FORMAT = dwarf;
				ENABLE_STRICT_OBJC_MSGSEND = YES;
				ENABLE_TESTABILITY = YES;
				GCC_C_LANGUAGE_STANDARD = gnu11;
				GCC_DYNAMIC_NO_PIC = NO;
				GCC_NO_COMMON_BLOCKS = YES;
				GCC_OPTIMIZATION_LEVEL = 0;
				GCC_PREPROCESSOR_DEFINITIONS = (
					"DEBUG=1",
					"$(inherited)",
				);
				GCC_WARN_64_TO_32_BIT_CONVERSION = YES;
				GCC_WARN_ABOUT_RETURN_TYPE = YES_ERROR;
				GCC_WARN_UNDECLARED_SELECTOR = YES;
				GCC_WARN_UNINITIALIZED_AUTOS = YES_AGGRESSIVE;
				GCC_WARN_UNUSED_FUNCTION = YES;
				GCC_WARN_UNUSED_VARIABLE = YES;
				IPHONEOS_DEPLOYMENT_TARGET = 16.1;
				MTL_ENABLE_DEBUG_INFO = INCLUDE_SOURCE;
				MTL_FAST_MATH = YES;
				ONLY_ACTIVE_ARCH = YES;
				SDKROOT = iphoneos;
				SWIFT_ACTIVE_COMPILATION_CONDITIONS = DEBUG;
				SWIFT_OPTIMIZATION_LEVEL = "-Onone";
			};
			name = Debug;
		};
		20C83A76295878E900DDB450 /* Release */ = {
			isa = XCBuildConfiguration;
			buildSettings = {
				ALWAYS_SEARCH_USER_PATHS = NO;
				CLANG_ANALYZER_NONNULL = YES;
				CLANG_ANALYZER_NUMBER_OBJECT_CONVERSION = YES_AGGRESSIVE;
				CLANG_CXX_LANGUAGE_STANDARD = "gnu++20";
				CLANG_ENABLE_MODULES = YES;
				CLANG_ENABLE_OBJC_ARC = YES;
				CLANG_ENABLE_OBJC_WEAK = YES;
				CLANG_WARN_BLOCK_CAPTURE_AUTORELEASING = YES;
				CLANG_WARN_BOOL_CONVERSION = YES;
				CLANG_WARN_COMMA = YES;
				CLANG_WARN_CONSTANT_CONVERSION = YES;
				CLANG_WARN_DEPRECATED_OBJC_IMPLEMENTATIONS = YES;
				CLANG_WARN_DIRECT_OBJC_ISA_USAGE = YES_ERROR;
				CLANG_WARN_DOCUMENTATION_COMMENTS = YES;
				CLANG_WARN_EMPTY_BODY = YES;
				CLANG_WARN_ENUM_CONVERSION = YES;
				CLANG_WARN_INFINITE_RECURSION = YES;
				CLANG_WARN_INT_CONVERSION = YES;
				CLANG_WARN_NON_LITERAL_NULL_CONVERSION = YES;
				CLANG_WARN_OBJC_IMPLICIT_RETAIN_SELF = YES;
				CLANG_WARN_OBJC_LITERAL_CONVERSION = YES;
				CLANG_WARN_OBJC_ROOT_CLASS = YES_ERROR;
				CLANG_WARN_QUOTED_INCLUDE_IN_FRAMEWORK_HEADER = YES;
				CLANG_WARN_RANGE_LOOP_ANALYSIS = YES;
				CLANG_WARN_STRICT_PROTOTYPES = YES;
				CLANG_WARN_SUSPICIOUS_MOVE = YES;
				CLANG_WARN_UNGUARDED_AVAILABILITY = YES_AGGRESSIVE;
				CLANG_WARN_UNREACHABLE_CODE = YES;
				CLANG_WARN__DUPLICATE_METHOD_MATCH = YES;
				COPY_PHASE_STRIP = NO;
				DEBUG_INFORMATION_FORMAT = "dwarf-with-dsym";
				ENABLE_NS_ASSERTIONS = NO;
				ENABLE_STRICT_OBJC_MSGSEND = YES;
				GCC_C_LANGUAGE_STANDARD = gnu11;
				GCC_NO_COMMON_BLOCKS = YES;
				GCC_WARN_64_TO_32_BIT_CONVERSION = YES;
				GCC_WARN_ABOUT_RETURN_TYPE = YES_ERROR;
				GCC_WARN_UNDECLARED_SELECTOR = YES;
				GCC_WARN_UNINITIALIZED_AUTOS = YES_AGGRESSIVE;
				GCC_WARN_UNUSED_FUNCTION = YES;
				GCC_WARN_UNUSED_VARIABLE = YES;
				IPHONEOS_DEPLOYMENT_TARGET = 16.1;
				MTL_ENABLE_DEBUG_INFO = NO;
				MTL_FAST_MATH = YES;
				SDKROOT = iphoneos;
				SWIFT_COMPILATION_MODE = wholemodule;
				SWIFT_OPTIMIZATION_LEVEL = "-O";
				VALIDATE_PRODUCT = YES;
			};
			name = Release;
		};
		20C83A78295878E900DDB450 /* Debug */ = {
			isa = XCBuildConfiguration;
			buildSettings = {
				ASSETCATALOG_COMPILER_APPICON_NAME = AppIcon;
				ASSETCATALOG_COMPILER_GLOBAL_ACCENT_COLOR_NAME = AccentColor;
				CODE_SIGN_STYLE = Automatic;
				CURRENT_PROJECT_VERSION = 1;
				DEVELOPMENT_ASSET_PATHS = "\"SocialDetox/Preview Content\"";
				DEVELOPMENT_TEAM = TQPN82UBBY;
				ENABLE_PREVIEWS = YES;
				GENERATE_INFOPLIST_FILE = YES;
				INFOPLIST_KEY_UIApplicationSceneManifest_Generation = YES;
				INFOPLIST_KEY_UIApplicationSupportsIndirectInputEvents = YES;
				INFOPLIST_KEY_UILaunchScreen_Generation = YES;
				INFOPLIST_KEY_UISupportedInterfaceOrientations_iPad = "UIInterfaceOrientationPortrait UIInterfaceOrientationPortraitUpsideDown UIInterfaceOrientationLandscapeLeft UIInterfaceOrientationLandscapeRight";
				INFOPLIST_KEY_UISupportedInterfaceOrientations_iPhone = "UIInterfaceOrientationPortrait UIInterfaceOrientationLandscapeLeft UIInterfaceOrientationLandscapeRight";
				LD_RUNPATH_SEARCH_PATHS = (
					"$(inherited)",
					"@executable_path/Frameworks",
				);
				MARKETING_VERSION = 1.0;
				PRODUCT_BUNDLE_IDENTIFIER = com.bannzai.SocialDetox;
				PRODUCT_NAME = "$(TARGET_NAME)";
				SWIFT_EMIT_LOC_STRINGS = YES;
				SWIFT_VERSION = 5.0;
				TARGETED_DEVICE_FAMILY = "1,2";
			};
			name = Debug;
		};
		20C83A79295878E900DDB450 /* Release */ = {
			isa = XCBuildConfiguration;
			buildSettings = {
				ASSETCATALOG_COMPILER_APPICON_NAME = AppIcon;
				ASSETCATALOG_COMPILER_GLOBAL_ACCENT_COLOR_NAME = AccentColor;
				CODE_SIGN_STYLE = Automatic;
				CURRENT_PROJECT_VERSION = 1;
				DEVELOPMENT_ASSET_PATHS = "\"SocialDetox/Preview Content\"";
				DEVELOPMENT_TEAM = TQPN82UBBY;
				ENABLE_PREVIEWS = YES;
				GENERATE_INFOPLIST_FILE = YES;
				INFOPLIST_KEY_UIApplicationSceneManifest_Generation = YES;
				INFOPLIST_KEY_UIApplicationSupportsIndirectInputEvents = YES;
				INFOPLIST_KEY_UILaunchScreen_Generation = YES;
				INFOPLIST_KEY_UISupportedInterfaceOrientations_iPad = "UIInterfaceOrientationPortrait UIInterfaceOrientationPortraitUpsideDown UIInterfaceOrientationLandscapeLeft UIInterfaceOrientationLandscapeRight";
				INFOPLIST_KEY_UISupportedInterfaceOrientations_iPhone = "UIInterfaceOrientationPortrait UIInterfaceOrientationLandscapeLeft UIInterfaceOrientationLandscapeRight";
				LD_RUNPATH_SEARCH_PATHS = (
					"$(inherited)",
					"@executable_path/Frameworks",
				);
				MARKETING_VERSION = 1.0;
				PRODUCT_BUNDLE_IDENTIFIER = com.bannzai.SocialDetox;
				PRODUCT_NAME = "$(TARGET_NAME)";
				SWIFT_EMIT_LOC_STRINGS = YES;
				SWIFT_VERSION = 5.0;
				TARGETED_DEVICE_FAMILY = "1,2";
			};
			name = Release;
		};
/* End XCBuildConfiguration section */

/* Begin XCConfigurationList section */
		20C83A64295878E800DDB450 /* Build configuration list for PBXProject "SocialDetox" */ = {
			isa = XCConfigurationList;
			buildConfigurations = (
				20C83A75295878E900DDB450 /* Debug */,
				20C83A76295878E900DDB450 /* Release */,
			);
			defaultConfigurationIsVisible = 0;
			defaultConfigurationName = Release;
		};
		20C83A77295878E900DDB450 /* Build configuration list for PBXNativeTarget "SocialDetox" */ = {
			isa = XCConfigurationList;
			buildConfigurations = (
				20C83A78295878E900DDB450 /* Debug */,
				20C83A79295878E900DDB450 /* Release */,
			);
			defaultConfigurationIsVisible = 0;
			defaultConfigurationName = Release;
		};
/* End XCConfigurationList section */

/* Begin XCRemoteSwiftPackageReference section */
		20C83A7A295879C500DDB450 /* XCRemoteSwiftPackageReference "firebase-ios-sdk" */ = {
			isa = XCRemoteSwiftPackageReference;
			repositoryURL = "https://github.com/firebase/firebase-ios-sdk";
			requirement = {
				branch = master;
				kind = branch;
			};
		};
/* End XCRemoteSwiftPackageReference section */

/* Begin XCSwiftPackageProductDependency section */
		20C83A7B295879C500DDB450 /* FirebaseAnalytics */ = {
			isa = XCSwiftPackageProductDependency;
			package = 20C83A7A295879C500DDB450 /* XCRemoteSwiftPackageReference "firebase-ios-sdk" */;
			productName = FirebaseAnalytics;
		};
		20C83A7D295879C500DDB450 /* FirebaseAnalyticsSwift */ = {
			isa = XCSwiftPackageProductDependency;
			package = 20C83A7A295879C500DDB450 /* XCRemoteSwiftPackageReference "firebase-ios-sdk" */;
			productName = FirebaseAnalyticsSwift;
		};
		20C83A7F295879C500DDB450 /* FirebaseAuth */ = {
			isa = XCSwiftPackageProductDependency;
			package = 20C83A7A295879C500DDB450 /* XCRemoteSwiftPackageReference "firebase-ios-sdk" */;
			productName = FirebaseAuth;
		};
		20C83A81295879C500DDB450 /* FirebaseAuthCombine-Community */ = {
			isa = XCSwiftPackageProductDependency;
			package = 20C83A7A295879C500DDB450 /* XCRemoteSwiftPackageReference "firebase-ios-sdk" */;
			productName = "FirebaseAuthCombine-Community";
		};
		20C83A83295879C500DDB450 /* FirebaseCrashlytics */ = {
			isa = XCSwiftPackageProductDependency;
			package = 20C83A7A295879C500DDB450 /* XCRemoteSwiftPackageReference "firebase-ios-sdk" */;
			productName = FirebaseCrashlytics;
		};
		20C83A85295879C500DDB450 /* FirebaseFirestore */ = {
			isa = XCSwiftPackageProductDependency;
			package = 20C83A7A295879C500DDB450 /* XCRemoteSwiftPackageReference "firebase-ios-sdk" */;
			productName = FirebaseFirestore;
		};
		20C83A87295879C500DDB450 /* FirebaseFirestoreCombine-Community */ = {
			isa = XCSwiftPackageProductDependency;
			package = 20C83A7A295879C500DDB450 /* XCRemoteSwiftPackageReference "firebase-ios-sdk" */;
			productName = "FirebaseFirestoreCombine-Community";
		};
		20C83A89295879C500DDB450 /* FirebaseFirestoreSwift */ = {
			isa = XCSwiftPackageProductDependency;
			package = 20C83A7A295879C500DDB450 /* XCRemoteSwiftPackageReference "firebase-ios-sdk" */;
			productName = FirebaseFirestoreSwift;
		};
/* End XCSwiftPackageProductDependency section */
	};
	rootObject = 20C83A61295878E800DDB450 /* Project object */;
}
